
Microsoft Visual Studio Solution File, Format Version 12.00
# Visual Studio 15
VisualStudioVersion = 15.0.27004.2002
MinimumVisualStudioVersion = 10.0.40219.1
Project("{9A19103F-16F7-4668-BE54-9A1E7A4F7556}") = "ShahbazWebsite_MVCPlatform", "ShahbazWebsite_MVCPlatform\ShahbazWebsite_MVCPlatform.csproj", "{2C360D71-7E8F-47A3-AC53-36744E9A2F40}"
EndProject
Global
	GlobalSection(SolutionConfigurationPlatforms) = preSolution
		Debug|Any CPU = Debug|Any CPU
		Release|Any CPU = Release|Any CPU
	EndGlobalSection
	GlobalSection(ProjectConfigurationPlatforms) = postSolution
		{2C360D71-7E8F-47A3-AC53-36744E9A2F40}.Debug|Any CPU.ActiveCfg = Debug|Any CPU
		{2C360D71-7E8F-47A3-AC53-36744E9A2F40}.Debug|Any CPU.Build.0 = Debug|Any CPU
		{2C360D71-7E8F-47A3-AC53-36744E9A2F40}.Release|Any CPU.ActiveCfg = Release|Any CPU
		{2C360D71-7E8F-47A3-AC53-36744E9A2F40}.Release|Any CPU.Build.0 = Release|Any CPU
	EndGlobalSection
	GlobalSection(SolutionProperties) = preSolution
		HideSolutionNode = FALSE
	EndGlobalSection
	GlobalSection(ExtensibilityGlobals) = postSolution
		SolutionGuid = {14AD954D-A33C-4067-B292-29D4E8190781}
	EndGlobalSection
EndGlobal
