
Microsoft Visual Studio Solution File, Format Version 12.00
# Visual Studio 15
VisualStudioVersion = 15.0.27428.2015
MinimumVisualStudioVersion = 10.0.40219.1
Project("{9A19103F-16F7-4668-BE54-9A1E7A4F7556}") = "ShahbazWebsite_MVCPlatform", "ShahbazWebsite_MVCPlatform.csproj", "{F7C74C37-D2A4-4127-9488-A0484DC8F7F4}"
EndProject
Global
	GlobalSection(SolutionConfigurationPlatforms) = preSolution
		Debug|Any CPU = Debug|Any CPU
		Release|Any CPU = Release|Any CPU
	EndGlobalSection
	GlobalSection(ProjectConfigurationPlatforms) = postSolution
		{F7C74C37-D2A4-4127-9488-A0484DC8F7F4}.Debug|Any CPU.ActiveCfg = Debug|Any CPU
		{F7C74C37-D2A4-4127-9488-A0484DC8F7F4}.Debug|Any CPU.Build.0 = Debug|Any CPU
		{F7C74C37-D2A4-4127-9488-A0484DC8F7F4}.Release|Any CPU.ActiveCfg = Release|Any CPU
		{F7C74C37-D2A4-4127-9488-A0484DC8F7F4}.Release|Any CPU.Build.0 = Release|Any CPU
	EndGlobalSection
	GlobalSection(SolutionProperties) = preSolution
		HideSolutionNode = FALSE
	EndGlobalSection
	GlobalSection(ExtensibilityGlobals) = postSolution
		SolutionGuid = {CDE2D348-6FDB-43D2-8AC2-A655B008B466}
	EndGlobalSection
EndGlobal
